
Microsoft Visual Studio Solution File, Format Version 12.00
# Visual Studio Version 17
VisualStudioVersion = 17.9.34607.119
MinimumVisualStudioVersion = 10.0.40219.1
Project("{FAE04EC0-301F-11D3-BF4B-00C04F79EFBC}") = "CJ302265X", "CJ302265X\CJ302265X.csproj", "{DD8EF4FB-8807-4210-A590-D5E8D3148F9E}"
EndProject
Global
	GlobalSection(SolutionConfigurationPlatforms) = preSolution
		Debug|Any CPU = Debug|Any CPU
		Release|Any CPU = Release|Any CPU
	EndGlobalSection
	GlobalSection(ProjectConfigurationPlatforms) = postSolution
		{DD8EF4FB-8807-4210-A590-D5E8D3148F9E}.Debug|Any CPU.ActiveCfg = Debug|Any CPU
		{DD8EF4FB-8807-4210-A590-D5E8D3148F9E}.Debug|Any CPU.Build.0 = Debug|Any CPU
		{DD8EF4FB-8807-4210-A590-D5E8D3148F9E}.Release|Any CPU.ActiveCfg = Release|Any CPU
		{DD8EF4FB-8807-4210-A590-D5E8D3148F9E}.Release|Any CPU.Build.0 = Release|Any CPU
	EndGlobalSection
	GlobalSection(SolutionProperties) = preSolution
		HideSolutionNode = FALSE
	EndGlobalSection
	GlobalSection(ExtensibilityGlobals) = postSolution
		SolutionGuid = {4A3A10BC-A290-4F01-95F3-D5BA5A30A9A5}
	EndGlobalSection
EndGlobal
